{
  "pins" : [
    {
      "identity" : "sdsdatastructure",
      "kind" : "remoteSourceControl",
      "location" : "https://github.com/tyagishi/SDSDataStructure",
      "state" : {
<<<<<<< HEAD
        "revision" : "23e30c9def89d8e59ac8169b1ec2cfe30f0a0c91",
        "version" : "4.0.12"
=======
        "revision" : "b230385fe6c73a02a8fa8f2e785bbb44e1baad37",
        "version" : "5.0.0"
      }
    },
    {
      "identity" : "sdsfoundationextension",
      "kind" : "remoteSourceControl",
      "location" : "https://github.com/tyagishi/SDSFoundationExtension",
      "state" : {
        "revision" : "462c8fddaefe9b092a4dbc3a2dbf74eb791edeb3",
        "version" : "1.5.11"
>>>>>>> feature/CustomRegexBuilder
      }
    },
    {
      "identity" : "sdsmacros",
      "kind" : "remoteSourceControl",
      "location" : "https://github.com/tyagishi/SDSMacros",
      "state" : {
        "revision" : "18c1921f2df0a8ea5ee3447003385f37e3912b0b",
        "version" : "3.0.4"
      }
    },
    {
      "identity" : "sdsstringextension",
      "kind" : "remoteSourceControl",
      "location" : "https://github.com/tyagishi/SDSStringExtension",
      "state" : {
        "revision" : "7593b14202633090b9e2681704d1501f99eda3e9",
        "version" : "1.4.3"
      }
    },
    {
      "identity" : "sdsswiftextension",
      "kind" : "remoteSourceControl",
      "location" : "https://github.com/tyagishi/SDSSwiftExtension",
      "state" : {
        "revision" : "a9ba758d52aaad251d492a1bc1d0de7cb53fd1a9",
        "version" : "2.1.4"
      }
    },
    {
      "identity" : "swift-syntax",
      "kind" : "remoteSourceControl",
      "location" : "https://github.com/swiftlang/swift-syntax.git",
      "state" : {
        "revision" : "4799286537280063c85a32f09884cfbca301b1a1",
        "version" : "602.0.0"
      }
    },
    {
      "identity" : "swiftlintplugins",
      "kind" : "remoteSourceControl",
      "location" : "https://github.com/SimplyDanny/SwiftLintPlugins",
      "state" : {
        "revision" : "9ad9487c2448b3f1265ea2cc8af246b9cae6878d",
        "version" : "0.56.1"
      }
    }
  ],
  "version" : 2
}
