{
  "pins" : [
    {
      "identity" : "sdsdatastructure",
      "kind" : "remoteSourceControl",
      "location" : "https://github.com/tyagishi/SDSDataStructure",
      "state" : {
        "revision" : "23e30c9def89d8e59ac8169b1ec2cfe30f0a0c91",
        "version" : "4.0.12"
      }
    },
    {
      "identity" : "sdsfoundationextension",
      "kind" : "remoteSourceControl",
      "location" : "https://github.com/tyagishi/SDSFoundationExtension",
      "state" : {
        "revision" : "1c8598f806d1d0cb8ecc93e0756e725c3de74c65",
        "version" : "1.5.0"
      }
    },
    {
      "identity" : "sdsmacros",
      "kind" : "remoteSourceControl",
      "location" : "https://github.com/tyagishi/SDSMacros",
      "state" : {
        "revision" : "25ee7d867fe55f9a717e1c6bcc05f2616407635c",
        "version" : "2.0.0"
      }
    },
    {
      "identity" : "sdsstringextension",
      "kind" : "remoteSourceControl",
      "location" : "https://github.com/tyagishi/SDSStringExtension",
      "state" : {
        "revision" : "597e89e438ac4055652c5ab9b3e881a3aa2f2cfd",
        "version" : "1.4.1"
      }
    },
    {
      "identity" : "sdsswiftextension",
      "kind" : "remoteSourceControl",
      "location" : "https://github.com/tyagishi/SDSSwiftExtension",
      "state" : {
        "revision" : "a9ba758d52aaad251d492a1bc1d0de7cb53fd1a9",
        "version" : "2.1.4"
      }
    },
    {
      "identity" : "swift-syntax",
      "kind" : "remoteSourceControl",
      "location" : "https://github.com/apple/swift-syntax.git",
      "state" : {
        "revision" : "2bc86522d115234d1f588efe2bcb4ce4be8f8b82",
        "version" : "510.0.3"
      }
    },
    {
      "identity" : "swiftlintplugins",
      "kind" : "remoteSourceControl",
      "location" : "https://github.com/SimplyDanny/SwiftLintPlugins",
      "state" : {
        "revision" : "9ad9487c2448b3f1265ea2cc8af246b9cae6878d",
        "version" : "0.56.1"
      }
    }
  ],
  "version" : 2
}
